
Microsoft Visual Studio Solution File, Format Version 12.00
# Visual Studio 15
VisualStudioVersion = 15.0.26730.8
MinimumVisualStudioVersion = 10.0.40219.1
Project("{FAE04EC0-301F-11D3-BF4B-00C04F79EFBC}") = "PluginVR", "PluginVR\PluginVR.csproj", "{3101BAD3-75E3-4079-9746-00D7483EC8E3}"
EndProject
Global
	GlobalSection(SolutionConfigurationPlatforms) = preSolution
		Debug|Any CPU = Debug|Any CPU
		Release|Any CPU = Release|Any CPU
	EndGlobalSection
	GlobalSection(ProjectConfigurationPlatforms) = postSolution
		{3101BAD3-75E3-4079-9746-00D7483EC8E3}.Debug|Any CPU.ActiveCfg = Debug|Any CPU
		{3101BAD3-75E3-4079-9746-00D7483EC8E3}.Debug|Any CPU.Build.0 = Debug|Any CPU
		{3101BAD3-75E3-4079-9746-00D7483EC8E3}.Release|Any CPU.ActiveCfg = Release|Any CPU
		{3101BAD3-75E3-4079-9746-00D7483EC8E3}.Release|Any CPU.Build.0 = Release|Any CPU
	EndGlobalSection
	GlobalSection(SolutionProperties) = preSolution
		HideSolutionNode = FALSE
	EndGlobalSection
	GlobalSection(ExtensibilityGlobals) = postSolution
		SolutionGuid = {DE00A668-2ECE-4FFC-91E0-45A53CC1C2E2}
	EndGlobalSection
EndGlobal
